// !$*UTF8*$!
{
	archiveVersion = 1;
	classes = {
	};
	objectVersion = 46;
	objects = {

/* Begin PBXBuildFile section */
		9023310D1B4B0336006520F5 /* Updates.swift in Sources */ = {isa = PBXBuildFile; fileRef = 9023310C1B4B0336006520F5 /* Updates.swift */; };
		9062AAF21B41DFD40088753B /* routeSheridan.json in Resources */ = {isa = PBXBuildFile; fileRef = 9062AAF11B41DFD40088753B /* routeSheridan.json */; };
		908B89DF1B46F3DE008F5897 /* TableController.swift in Sources */ = {isa = PBXBuildFile; fileRef = 908B89DE1B46F3DE008F5897 /* TableController.swift */; };
		9099EEC21B41ABA7001EB895 /* Pin.swift in Sources */ = {isa = PBXBuildFile; fileRef = 9099EEC11B41ABA7001EB895 /* Pin.swift */; };
		9099EECC1B41D2BB001EB895 /* InterfaceController.swift in Sources */ = {isa = PBXBuildFile; fileRef = 9099EECB1B41D2BB001EB895 /* InterfaceController.swift */; };
		9099EECE1B41D2BB001EB895 /* Images.xcassets in Resources */ = {isa = PBXBuildFile; fileRef = 9099EECD1B41D2BB001EB895 /* Images.xcassets */; };
		9099EED21B41D2BB001EB895 /* UTBus WatchKit App.app in Resources */ = {isa = PBXBuildFile; fileRef = 9099EED11B41D2BB001EB895 /* UTBus WatchKit App.app */; };
		9099EEDA1B41D2BB001EB895 /* Interface.storyboard in Resources */ = {isa = PBXBuildFile; fileRef = 9099EED81B41D2BB001EB895 /* Interface.storyboard */; };
		9099EEDC1B41D2BB001EB895 /* Images.xcassets in Resources */ = {isa = PBXBuildFile; fileRef = 9099EEDB1B41D2BB001EB895 /* Images.xcassets */; };
		9099EEDF1B41D2BB001EB895 /* UTBus WatchKit Extension.appex in Embed App Extensions */ = {isa = PBXBuildFile; fileRef = 9099EEC71B41D2BB001EB895 /* UTBus WatchKit Extension.appex */; settings = {ATTRIBUTES = (RemoveHeadersOnCopy, ); }; };
		909D09AF1B4D940100095E20 /* Parser.swift in Sources */ = {isa = PBXBuildFile; fileRef = 909D09AE1B4D940100095E20 /* Parser.swift */; };
		909D09B11B4DA6E900095E20 /* Detail.swift in Sources */ = {isa = PBXBuildFile; fileRef = 909D09B01B4DA6E900095E20 /* Detail.swift */; };
		90B0E3571B4D861A00C8D3F2 /* routeStGeorge.json in Resources */ = {isa = PBXBuildFile; fileRef = BC6FF7151B2F5A710037334B /* routeStGeorge.json */; };
		BC0881BA1B2F4D550051F7F9 /* AppDelegate.swift in Sources */ = {isa = PBXBuildFile; fileRef = BC0881B91B2F4D550051F7F9 /* AppDelegate.swift */; };
		BC0881BF1B2F4D550051F7F9 /* Main.storyboard in Resources */ = {isa = PBXBuildFile; fileRef = BC0881BD1B2F4D550051F7F9 /* Main.storyboard */; };
		BC0881C11B2F4D550051F7F9 /* Images.xcassets in Resources */ = {isa = PBXBuildFile; fileRef = BC0881C01B2F4D550051F7F9 /* Images.xcassets */; };
		BC0881C41B2F4D550051F7F9 /* LaunchScreen.xib in Resources */ = {isa = PBXBuildFile; fileRef = BC0881C21B2F4D550051F7F9 /* LaunchScreen.xib */; };
		BC0881D01B2F4D560051F7F9 /* UTBusTests.swift in Sources */ = {isa = PBXBuildFile; fileRef = BC0881CF1B2F4D560051F7F9 /* UTBusTests.swift */; };
		BC37A56D1B38960300BD3439 /* CreateReminderViewController.swift in Sources */ = {isa = PBXBuildFile; fileRef = BC37A56C1B38960300BD3439 /* CreateReminderViewController.swift */; };
		BC6FF7181B2F5B0A0037334B /* HomeViewController.swift in Sources */ = {isa = PBXBuildFile; fileRef = BC6FF7171B2F5B0A0037334B /* HomeViewController.swift */; };
		BC8163B91B3DC450005DB95E /* RemindersViewController.swift in Sources */ = {isa = PBXBuildFile; fileRef = BC8163B81B3DC450005DB95E /* RemindersViewController.swift */; };
		BC8163BD1B3DE473005DB95E /* MapViewController.swift in Sources */ = {isa = PBXBuildFile; fileRef = BC8163BC1B3DE473005DB95E /* MapViewController.swift */; };
		BC8163BF1B3DE5E3005DB95E /* locations.plist in Resources */ = {isa = PBXBuildFile; fileRef = BC8163BE1B3DE5E3005DB95E /* locations.plist */; };
		BC86439C1B3DB49F004BC339 /* Reminder.swift in Sources */ = {isa = PBXBuildFile; fileRef = BC86439B1B3DB49F004BC339 /* Reminder.swift */; };
		BC8643A01B3DBE38004BC339 /* ReminderList.swift in Sources */ = {isa = PBXBuildFile; fileRef = BC86439F1B3DBE38004BC339 /* ReminderList.swift */; };
		BCAF000C1B41E59B002E8FF4 /* ReminderTableViewCell.swift in Sources */ = {isa = PBXBuildFile; fileRef = BCAF000A1B41E59B002E8FF4 /* ReminderTableViewCell.swift */; };
		BCAF000D1B41E59B002E8FF4 /* ReminderTableViewCell.xib in Resources */ = {isa = PBXBuildFile; fileRef = BCAF000B1B41E59B002E8FF4 /* ReminderTableViewCell.xib */; };
		BCB816691B386F7300360DC4 /* SearchScheduleViewController.swift in Sources */ = {isa = PBXBuildFile; fileRef = BCB816681B386F7300360DC4 /* SearchScheduleViewController.swift */; };
		BCF70EF81B41B424003191E8 /* ScheduleTableViewController.swift in Sources */ = {isa = PBXBuildFile; fileRef = BCF70EF71B41B424003191E8 /* ScheduleTableViewController.swift */; };
/* End PBXBuildFile section */

/* Begin PBXContainerItemProxy section */
		9099EED31B41D2BB001EB895 /* PBXContainerItemProxy */ = {
			isa = PBXContainerItemProxy;
			containerPortal = BC0881AC1B2F4D550051F7F9 /* Project object */;
			proxyType = 1;
			remoteGlobalIDString = 9099EED01B41D2BB001EB895;
			remoteInfo = "UTBus WatchKit App";
		};
		9099EEDD1B41D2BB001EB895 /* PBXContainerItemProxy */ = {
			isa = PBXContainerItemProxy;
			containerPortal = BC0881AC1B2F4D550051F7F9 /* Project object */;
			proxyType = 1;
			remoteGlobalIDString = 9099EEC61B41D2BB001EB895;
			remoteInfo = "UTBus WatchKit Extension";
		};
		BC0881CA1B2F4D560051F7F9 /* PBXContainerItemProxy */ = {
			isa = PBXContainerItemProxy;
			containerPortal = BC0881AC1B2F4D550051F7F9 /* Project object */;
			proxyType = 1;
			remoteGlobalIDString = BC0881B31B2F4D550051F7F9;
			remoteInfo = UTBus;
		};
/* End PBXContainerItemProxy section */

/* Begin PBXCopyFilesBuildPhase section */
		9099EEE61B41D2BB001EB895 /* Embed App Extensions */ = {
			isa = PBXCopyFilesBuildPhase;
			buildActionMask = 2147483647;
			dstPath = "";
			dstSubfolderSpec = 13;
			files = (
				9099EEDF1B41D2BB001EB895 /* UTBus WatchKit Extension.appex in Embed App Extensions */,
			);
			name = "Embed App Extensions";
			runOnlyForDeploymentPostprocessing = 0;
		};
/* End PBXCopyFilesBuildPhase section */

/* Begin PBXFileReference section */
		9023310C1B4B0336006520F5 /* Updates.swift */ = {isa = PBXFileReference; fileEncoding = 4; lastKnownFileType = sourcecode.swift; path = Updates.swift; sourceTree = "<group>"; };
		9062AAF11B41DFD40088753B /* routeSheridan.json */ = {isa = PBXFileReference; fileEncoding = 4; lastKnownFileType = text.json; path = routeSheridan.json; sourceTree = "<group>"; };
		908B89DE1B46F3DE008F5897 /* TableController.swift */ = {isa = PBXFileReference; fileEncoding = 4; lastKnownFileType = sourcecode.swift; path = TableController.swift; sourceTree = "<group>"; };
		9099EEC11B41ABA7001EB895 /* Pin.swift */ = {isa = PBXFileReference; fileEncoding = 4; lastKnownFileType = sourcecode.swift; path = Pin.swift; sourceTree = "<group>"; };
		9099EEC71B41D2BB001EB895 /* UTBus WatchKit Extension.appex */ = {isa = PBXFileReference; explicitFileType = "wrapper.app-extension"; includeInIndex = 0; path = "UTBus WatchKit Extension.appex"; sourceTree = BUILT_PRODUCTS_DIR; };
		9099EECA1B41D2BB001EB895 /* Info.plist */ = {isa = PBXFileReference; lastKnownFileType = text.plist.xml; path = Info.plist; sourceTree = "<group>"; };
		9099EECB1B41D2BB001EB895 /* InterfaceController.swift */ = {isa = PBXFileReference; lastKnownFileType = sourcecode.swift; path = InterfaceController.swift; sourceTree = "<group>"; };
		9099EECD1B41D2BB001EB895 /* Images.xcassets */ = {isa = PBXFileReference; lastKnownFileType = folder.assetcatalog; path = Images.xcassets; sourceTree = "<group>"; };
		9099EED11B41D2BB001EB895 /* UTBus WatchKit App.app */ = {isa = PBXFileReference; explicitFileType = wrapper.application; includeInIndex = 0; path = "UTBus WatchKit App.app"; sourceTree = BUILT_PRODUCTS_DIR; };
		9099EED71B41D2BB001EB895 /* Info.plist */ = {isa = PBXFileReference; lastKnownFileType = text.plist.xml; path = Info.plist; sourceTree = "<group>"; };
		9099EED91B41D2BB001EB895 /* Base */ = {isa = PBXFileReference; lastKnownFileType = file.storyboard; name = Base; path = Base.lproj/Interface.storyboard; sourceTree = "<group>"; };
		9099EEDB1B41D2BB001EB895 /* Images.xcassets */ = {isa = PBXFileReference; lastKnownFileType = folder.assetcatalog; path = Images.xcassets; sourceTree = "<group>"; };
		909D09AE1B4D940100095E20 /* Parser.swift */ = {isa = PBXFileReference; fileEncoding = 4; lastKnownFileType = sourcecode.swift; path = Parser.swift; sourceTree = "<group>"; };
		909D09B01B4DA6E900095E20 /* Detail.swift */ = {isa = PBXFileReference; fileEncoding = 4; lastKnownFileType = sourcecode.swift; name = Detail.swift; path = "UTBus WatchKit Extension/Detail.swift"; sourceTree = SOURCE_ROOT; };
		BC0881B41B2F4D550051F7F9 /* UTBus.app */ = {isa = PBXFileReference; explicitFileType = wrapper.application; includeInIndex = 0; path = UTBus.app; sourceTree = BUILT_PRODUCTS_DIR; };
		BC0881B81B2F4D550051F7F9 /* Info.plist */ = {isa = PBXFileReference; lastKnownFileType = text.plist.xml; path = Info.plist; sourceTree = "<group>"; };
		BC0881B91B2F4D550051F7F9 /* AppDelegate.swift */ = {isa = PBXFileReference; lastKnownFileType = sourcecode.swift; path = AppDelegate.swift; sourceTree = "<group>"; };
		BC0881BE1B2F4D550051F7F9 /* Base */ = {isa = PBXFileReference; lastKnownFileType = file.storyboard; name = Base; path = Base.lproj/Main.storyboard; sourceTree = "<group>"; };
		BC0881C01B2F4D550051F7F9 /* Images.xcassets */ = {isa = PBXFileReference; lastKnownFileType = folder.assetcatalog; path = Images.xcassets; sourceTree = "<group>"; };
		BC0881C31B2F4D550051F7F9 /* Base */ = {isa = PBXFileReference; lastKnownFileType = file.xib; name = Base; path = Base.lproj/LaunchScreen.xib; sourceTree = "<group>"; };
		BC0881C91B2F4D560051F7F9 /* UTBusTests.xctest */ = {isa = PBXFileReference; explicitFileType = wrapper.cfbundle; includeInIndex = 0; path = UTBusTests.xctest; sourceTree = BUILT_PRODUCTS_DIR; };
		BC0881CE1B2F4D560051F7F9 /* Info.plist */ = {isa = PBXFileReference; lastKnownFileType = text.plist.xml; path = Info.plist; sourceTree = "<group>"; };
		BC0881CF1B2F4D560051F7F9 /* UTBusTests.swift */ = {isa = PBXFileReference; lastKnownFileType = sourcecode.swift; path = UTBusTests.swift; sourceTree = "<group>"; };
		BC37A56C1B38960300BD3439 /* CreateReminderViewController.swift */ = {isa = PBXFileReference; fileEncoding = 4; lastKnownFileType = sourcecode.swift; path = CreateReminderViewController.swift; sourceTree = "<group>"; };
		BC6FF7151B2F5A710037334B /* routeStGeorge.json */ = {isa = PBXFileReference; fileEncoding = 4; lastKnownFileType = text.json; path = routeStGeorge.json; sourceTree = "<group>"; };
		BC6FF7171B2F5B0A0037334B /* HomeViewController.swift */ = {isa = PBXFileReference; fileEncoding = 4; lastKnownFileType = sourcecode.swift; path = HomeViewController.swift; sourceTree = "<group>"; };
		BC8163B81B3DC450005DB95E /* RemindersViewController.swift */ = {isa = PBXFileReference; fileEncoding = 4; lastKnownFileType = sourcecode.swift; path = RemindersViewController.swift; sourceTree = "<group>"; };
		BC8163BC1B3DE473005DB95E /* MapViewController.swift */ = {isa = PBXFileReference; fileEncoding = 4; lastKnownFileType = sourcecode.swift; path = MapViewController.swift; sourceTree = "<group>"; };
		BC8163BE1B3DE5E3005DB95E /* locations.plist */ = {isa = PBXFileReference; fileEncoding = 4; lastKnownFileType = text.plist.xml; path = locations.plist; sourceTree = "<group>"; };
		BC86439B1B3DB49F004BC339 /* Reminder.swift */ = {isa = PBXFileReference; fileEncoding = 4; lastKnownFileType = sourcecode.swift; path = Reminder.swift; sourceTree = "<group>"; };
		BC86439F1B3DBE38004BC339 /* ReminderList.swift */ = {isa = PBXFileReference; fileEncoding = 4; lastKnownFileType = sourcecode.swift; path = ReminderList.swift; sourceTree = "<group>"; };
		BCAF000A1B41E59B002E8FF4 /* ReminderTableViewCell.swift */ = {isa = PBXFileReference; fileEncoding = 4; lastKnownFileType = sourcecode.swift; path = ReminderTableViewCell.swift; sourceTree = "<group>"; };
		BCAF000B1B41E59B002E8FF4 /* ReminderTableViewCell.xib */ = {isa = PBXFileReference; fileEncoding = 4; lastKnownFileType = file.xib; path = ReminderTableViewCell.xib; sourceTree = "<group>"; };
		BCB816681B386F7300360DC4 /* SearchScheduleViewController.swift */ = {isa = PBXFileReference; fileEncoding = 4; lastKnownFileType = sourcecode.swift; path = SearchScheduleViewController.swift; sourceTree = "<group>"; };
		BCF70EF71B41B424003191E8 /* ScheduleTableViewController.swift */ = {isa = PBXFileReference; fileEncoding = 4; lastKnownFileType = sourcecode.swift; path = ScheduleTableViewController.swift; sourceTree = "<group>"; };
/* End PBXFileReference section */

/* Begin PBXFrameworksBuildPhase section */
		9099EEC41B41D2BB001EB895 /* Frameworks */ = {
			isa = PBXFrameworksBuildPhase;
			buildActionMask = 2147483647;
			files = (
			);
			runOnlyForDeploymentPostprocessing = 0;
		};
		BC0881B11B2F4D550051F7F9 /* Frameworks */ = {
			isa = PBXFrameworksBuildPhase;
			buildActionMask = 2147483647;
			files = (
			);
			runOnlyForDeploymentPostprocessing = 0;
		};
		BC0881C61B2F4D560051F7F9 /* Frameworks */ = {
			isa = PBXFrameworksBuildPhase;
			buildActionMask = 2147483647;
			files = (
			);
			runOnlyForDeploymentPostprocessing = 0;
		};
/* End PBXFrameworksBuildPhase section */

/* Begin PBXGroup section */
		9099EEC81B41D2BB001EB895 /* UTBus WatchKit Extension */ = {
			isa = PBXGroup;
			children = (
				9099EECB1B41D2BB001EB895 /* InterfaceController.swift */,
				908B89DE1B46F3DE008F5897 /* TableController.swift */,
				909D09B01B4DA6E900095E20 /* Detail.swift */,
				9099EECD1B41D2BB001EB895 /* Images.xcassets */,
				9099EEC91B41D2BB001EB895 /* Supporting Files */,
			);
			path = "UTBus WatchKit Extension";
			sourceTree = "<group>";
		};
		9099EEC91B41D2BB001EB895 /* Supporting Files */ = {
			isa = PBXGroup;
			children = (
				9099EECA1B41D2BB001EB895 /* Info.plist */,
			);
			name = "Supporting Files";
			sourceTree = "<group>";
		};
		9099EED51B41D2BB001EB895 /* UTBus WatchKit App */ = {
			isa = PBXGroup;
			children = (
				9099EED81B41D2BB001EB895 /* Interface.storyboard */,
				9099EEDB1B41D2BB001EB895 /* Images.xcassets */,
				9099EED61B41D2BB001EB895 /* Supporting Files */,
			);
			path = "UTBus WatchKit App";
			sourceTree = "<group>";
		};
		9099EED61B41D2BB001EB895 /* Supporting Files */ = {
			isa = PBXGroup;
			children = (
				9099EED71B41D2BB001EB895 /* Info.plist */,
			);
			name = "Supporting Files";
			sourceTree = "<group>";
		};
		BC0881AB1B2F4D550051F7F9 = {
			isa = PBXGroup;
			children = (
				BC0881B61B2F4D550051F7F9 /* UTBus */,
				BC0881CC1B2F4D560051F7F9 /* UTBusTests */,
				9099EEC81B41D2BB001EB895 /* UTBus WatchKit Extension */,
				9099EED51B41D2BB001EB895 /* UTBus WatchKit App */,
				BC0881B51B2F4D550051F7F9 /* Products */,
			);
			sourceTree = "<group>";
		};
		BC0881B51B2F4D550051F7F9 /* Products */ = {
			isa = PBXGroup;
			children = (
				BC0881B41B2F4D550051F7F9 /* UTBus.app */,
				BC0881C91B2F4D560051F7F9 /* UTBusTests.xctest */,
				9099EEC71B41D2BB001EB895 /* UTBus WatchKit Extension.appex */,
				9099EED11B41D2BB001EB895 /* UTBus WatchKit App.app */,
			);
			name = Products;
			sourceTree = "<group>";
		};
		BC0881B61B2F4D550051F7F9 /* UTBus */ = {
			isa = PBXGroup;
			children = (
				BC0881B91B2F4D550051F7F9 /* AppDelegate.swift */,
				BC0881BD1B2F4D550051F7F9 /* Main.storyboard */,
				9023310C1B4B0336006520F5 /* Updates.swift */,
				BCAF000E1B41E5A5002E8FF4 /* Reminder Tab */,
				BC8643A11B3DC11D004BC339 /* Reminders */,
				BC6FF7171B2F5B0A0037334B /* HomeViewController.swift */,
				BCAF00091B41BEAD002E8FF4 /* Schedule Tab */,
				BC8163BC1B3DE473005DB95E /* MapViewController.swift */,
				909D09AE1B4D940100095E20 /* Parser.swift */,
				9099EEC11B41ABA7001EB895 /* Pin.swift */,
				BC8163BE1B3DE5E3005DB95E /* locations.plist */,
				BC0881C01B2F4D550051F7F9 /* Images.xcassets */,
				BC0881C21B2F4D550051F7F9 /* LaunchScreen.xib */,
				BC6FF7151B2F5A710037334B /* routeStGeorge.json */,
				9062AAF11B41DFD40088753B /* routeSheridan.json */,
				BC0881B71B2F4D550051F7F9 /* Supporting Files */,
			);
			path = UTBus;
			sourceTree = "<group>";
		};
		BC0881B71B2F4D550051F7F9 /* Supporting Files */ = {
			isa = PBXGroup;
			children = (
				BC0881B81B2F4D550051F7F9 /* Info.plist */,
			);
			name = "Supporting Files";
			sourceTree = "<group>";
		};
		BC0881CC1B2F4D560051F7F9 /* UTBusTests */ = {
			isa = PBXGroup;
			children = (
				BC0881CF1B2F4D560051F7F9 /* UTBusTests.swift */,
				BC0881CD1B2F4D560051F7F9 /* Supporting Files */,
			);
			path = UTBusTests;
			sourceTree = "<group>";
		};
		BC0881CD1B2F4D560051F7F9 /* Supporting Files */ = {
			isa = PBXGroup;
			children = (
				BC0881CE1B2F4D560051F7F9 /* Info.plist */,
			);
			name = "Supporting Files";
			sourceTree = "<group>";
		};
		BC8643A11B3DC11D004BC339 /* Reminders */ = {
			isa = PBXGroup;
			children = (
				BC86439B1B3DB49F004BC339 /* Reminder.swift */,
				BC86439F1B3DBE38004BC339 /* ReminderList.swift */,
			);
			name = Reminders;
			sourceTree = "<group>";
		};
		BCAF00091B41BEAD002E8FF4 /* Schedule Tab */ = {
			isa = PBXGroup;
			children = (
				BCB816681B386F7300360DC4 /* SearchScheduleViewController.swift */,
				BCF70EF71B41B424003191E8 /* ScheduleTableViewController.swift */,
				BC37A56C1B38960300BD3439 /* CreateReminderViewController.swift */,
			);
			name = "Schedule Tab";
			sourceTree = "<group>";
		};
		BCAF000E1B41E5A5002E8FF4 /* Reminder Tab */ = {
			isa = PBXGroup;
			children = (
				BCAF000A1B41E59B002E8FF4 /* ReminderTableViewCell.swift */,
				BCAF000B1B41E59B002E8FF4 /* ReminderTableViewCell.xib */,
				BC8163B81B3DC450005DB95E /* RemindersViewController.swift */,
			);
			name = "Reminder Tab";
			sourceTree = "<group>";
		};
/* End PBXGroup section */

/* Begin PBXNativeTarget section */
		9099EEC61B41D2BB001EB895 /* UTBus WatchKit Extension */ = {
			isa = PBXNativeTarget;
			buildConfigurationList = 9099EEE31B41D2BB001EB895 /* Build configuration list for PBXNativeTarget "UTBus WatchKit Extension" */;
			buildPhases = (
				9099EEC31B41D2BB001EB895 /* Sources */,
				9099EEC41B41D2BB001EB895 /* Frameworks */,
				9099EEC51B41D2BB001EB895 /* Resources */,
			);
			buildRules = (
			);
			dependencies = (
				9099EED41B41D2BB001EB895 /* PBXTargetDependency */,
			);
			name = "UTBus WatchKit Extension";
			productName = "UTBus WatchKit Extension";
			productReference = 9099EEC71B41D2BB001EB895 /* UTBus WatchKit Extension.appex */;
			productType = "com.apple.product-type.watchkit-extension";
		};
		9099EED01B41D2BB001EB895 /* UTBus WatchKit App */ = {
			isa = PBXNativeTarget;
			buildConfigurationList = 9099EEE01B41D2BB001EB895 /* Build configuration list for PBXNativeTarget "UTBus WatchKit App" */;
			buildPhases = (
				9099EECF1B41D2BB001EB895 /* Resources */,
			);
			buildRules = (
			);
			dependencies = (
			);
			name = "UTBus WatchKit App";
			productName = "UTBus WatchKit App";
			productReference = 9099EED11B41D2BB001EB895 /* UTBus WatchKit App.app */;
			productType = "com.apple.product-type.application.watchapp";
		};
		BC0881B31B2F4D550051F7F9 /* UTBus */ = {
			isa = PBXNativeTarget;
			buildConfigurationList = BC0881D31B2F4D560051F7F9 /* Build configuration list for PBXNativeTarget "UTBus" */;
			buildPhases = (
				BC0881B01B2F4D550051F7F9 /* Sources */,
				BC0881B11B2F4D550051F7F9 /* Frameworks */,
				BC0881B21B2F4D550051F7F9 /* Resources */,
				9099EEE61B41D2BB001EB895 /* Embed App Extensions */,
			);
			buildRules = (
			);
			dependencies = (
				9099EEDE1B41D2BB001EB895 /* PBXTargetDependency */,
			);
			name = UTBus;
			productName = UTBus;
			productReference = BC0881B41B2F4D550051F7F9 /* UTBus.app */;
			productType = "com.apple.product-type.application";
		};
		BC0881C81B2F4D560051F7F9 /* UTBusTests */ = {
			isa = PBXNativeTarget;
			buildConfigurationList = BC0881D61B2F4D560051F7F9 /* Build configuration list for PBXNativeTarget "UTBusTests" */;
			buildPhases = (
				BC0881C51B2F4D560051F7F9 /* Sources */,
				BC0881C61B2F4D560051F7F9 /* Frameworks */,
				BC0881C71B2F4D560051F7F9 /* Resources */,
			);
			buildRules = (
			);
			dependencies = (
				BC0881CB1B2F4D560051F7F9 /* PBXTargetDependency */,
			);
			name = UTBusTests;
			productName = UTBusTests;
			productReference = BC0881C91B2F4D560051F7F9 /* UTBusTests.xctest */;
			productType = "com.apple.product-type.bundle.unit-test";
		};
/* End PBXNativeTarget section */

/* Begin PBXProject section */
		BC0881AC1B2F4D550051F7F9 /* Project object */ = {
			isa = PBXProject;
			attributes = {
				LastUpgradeCheck = 0640;
				ORGANIZATIONNAME = madlab;
				TargetAttributes = {
					9099EEC61B41D2BB001EB895 = {
						CreatedOnToolsVersion = 6.3.2;
						DevelopmentTeam = 3RWTRYXPAB;
					};
					9099EED01B41D2BB001EB895 = {
						CreatedOnToolsVersion = 6.3.2;
					};
					BC0881B31B2F4D550051F7F9 = {
						CreatedOnToolsVersion = 6.3;
						DevelopmentTeam = 3RWTRYXPAB;
					};
					BC0881C81B2F4D560051F7F9 = {
						CreatedOnToolsVersion = 6.3;
						TestTargetID = BC0881B31B2F4D550051F7F9;
					};
				};
			};
			buildConfigurationList = BC0881AF1B2F4D550051F7F9 /* Build configuration list for PBXProject "UTBus" */;
			compatibilityVersion = "Xcode 3.2";
			developmentRegion = English;
			hasScannedForEncodings = 0;
			knownRegions = (
				en,
				Base,
			);
			mainGroup = BC0881AB1B2F4D550051F7F9;
			productRefGroup = BC0881B51B2F4D550051F7F9 /* Products */;
			projectDirPath = "";
			projectRoot = "";
			targets = (
				BC0881B31B2F4D550051F7F9 /* UTBus */,
				BC0881C81B2F4D560051F7F9 /* UTBusTests */,
				9099EEC61B41D2BB001EB895 /* UTBus WatchKit Extension */,
				9099EED01B41D2BB001EB895 /* UTBus WatchKit App */,
			);
		};
/* End PBXProject section */

/* Begin PBXResourcesBuildPhase section */
		9099EEC51B41D2BB001EB895 /* Resources */ = {
			isa = PBXResourcesBuildPhase;
			buildActionMask = 2147483647;
			files = (
				9099EED21B41D2BB001EB895 /* UTBus WatchKit App.app in Resources */,
				9099EECE1B41D2BB001EB895 /* Images.xcassets in Resources */,
			);
			runOnlyForDeploymentPostprocessing = 0;
		};
		9099EECF1B41D2BB001EB895 /* Resources */ = {
			isa = PBXResourcesBuildPhase;
			buildActionMask = 2147483647;
			files = (
				9099EEDA1B41D2BB001EB895 /* Interface.storyboard in Resources */,
				9099EEDC1B41D2BB001EB895 /* Images.xcassets in Resources */,
			);
			runOnlyForDeploymentPostprocessing = 0;
		};
		BC0881B21B2F4D550051F7F9 /* Resources */ = {
			isa = PBXResourcesBuildPhase;
			buildActionMask = 2147483647;
			files = (
				BC0881BF1B2F4D550051F7F9 /* Main.storyboard in Resources */,
				9062AAF21B41DFD40088753B /* routeSheridan.json in Resources */,
				BC0881C41B2F4D550051F7F9 /* LaunchScreen.xib in Resources */,
				BC8163BF1B3DE5E3005DB95E /* locations.plist in Resources */,
				BC0881C11B2F4D550051F7F9 /* Images.xcassets in Resources */,
				90B0E3571B4D861A00C8D3F2 /* routeStGeorge.json in Resources */,
				BCAF000D1B41E59B002E8FF4 /* ReminderTableViewCell.xib in Resources */,
			);
			runOnlyForDeploymentPostprocessing = 0;
		};
		BC0881C71B2F4D560051F7F9 /* Resources */ = {
			isa = PBXResourcesBuildPhase;
			buildActionMask = 2147483647;
			files = (
			);
			runOnlyForDeploymentPostprocessing = 0;
		};
/* End PBXResourcesBuildPhase section */

/* Begin PBXSourcesBuildPhase section */
		9099EEC31B41D2BB001EB895 /* Sources */ = {
			isa = PBXSourcesBuildPhase;
			buildActionMask = 2147483647;
			files = (
				908B89DF1B46F3DE008F5897 /* TableController.swift in Sources */,
				9099EECC1B41D2BB001EB895 /* InterfaceController.swift in Sources */,
			);
			runOnlyForDeploymentPostprocessing = 0;
		};
		BC0881B01B2F4D550051F7F9 /* Sources */ = {
			isa = PBXSourcesBuildPhase;
			buildActionMask = 2147483647;
			files = (
				BC8163B91B3DC450005DB95E /* RemindersViewController.swift in Sources */,
				BC0881BA1B2F4D550051F7F9 /* AppDelegate.swift in Sources */,
				BCF70EF81B41B424003191E8 /* ScheduleTableViewController.swift in Sources */,
				BCB816691B386F7300360DC4 /* SearchScheduleViewController.swift in Sources */,
				909D09AF1B4D940100095E20 /* Parser.swift in Sources */,
				BC8643A01B3DBE38004BC339 /* ReminderList.swift in Sources */,
				BC8163BD1B3DE473005DB95E /* MapViewController.swift in Sources */,
				9099EEC21B41ABA7001EB895 /* Pin.swift in Sources */,
				909D09B11B4DA6E900095E20 /* Detail.swift in Sources */,
				BC6FF7181B2F5B0A0037334B /* HomeViewController.swift in Sources */,
				BC37A56D1B38960300BD3439 /* CreateReminderViewController.swift in Sources */,
				BC86439C1B3DB49F004BC339 /* Reminder.swift in Sources */,
				9023310D1B4B0336006520F5 /* Updates.swift in Sources */,
				BCAF000C1B41E59B002E8FF4 /* ReminderTableViewCell.swift in Sources */,
			);
			runOnlyForDeploymentPostprocessing = 0;
		};
		BC0881C51B2F4D560051F7F9 /* Sources */ = {
			isa = PBXSourcesBuildPhase;
			buildActionMask = 2147483647;
			files = (
				BC0881D01B2F4D560051F7F9 /* UTBusTests.swift in Sources */,
			);
			runOnlyForDeploymentPostprocessing = 0;
		};
/* End PBXSourcesBuildPhase section */

/* Begin PBXTargetDependency section */
		9099EED41B41D2BB001EB895 /* PBXTargetDependency */ = {
			isa = PBXTargetDependency;
			target = 9099EED01B41D2BB001EB895 /* UTBus WatchKit App */;
			targetProxy = 9099EED31B41D2BB001EB895 /* PBXContainerItemProxy */;
		};
		9099EEDE1B41D2BB001EB895 /* PBXTargetDependency */ = {
			isa = PBXTargetDependency;
			target = 9099EEC61B41D2BB001EB895 /* UTBus WatchKit Extension */;
			targetProxy = 9099EEDD1B41D2BB001EB895 /* PBXContainerItemProxy */;
		};
		BC0881CB1B2F4D560051F7F9 /* PBXTargetDependency */ = {
			isa = PBXTargetDependency;
			target = BC0881B31B2F4D550051F7F9 /* UTBus */;
			targetProxy = BC0881CA1B2F4D560051F7F9 /* PBXContainerItemProxy */;
		};
/* End PBXTargetDependency section */

/* Begin PBXVariantGroup section */
		9099EED81B41D2BB001EB895 /* Interface.storyboard */ = {
			isa = PBXVariantGroup;
			children = (
				9099EED91B41D2BB001EB895 /* Base */,
			);
			name = Interface.storyboard;
			sourceTree = "<group>";
		};
		BC0881BD1B2F4D550051F7F9 /* Main.storyboard */ = {
			isa = PBXVariantGroup;
			children = (
				BC0881BE1B2F4D550051F7F9 /* Base */,
			);
			name = Main.storyboard;
			sourceTree = "<group>";
		};
		BC0881C21B2F4D550051F7F9 /* LaunchScreen.xib */ = {
			isa = PBXVariantGroup;
			children = (
				BC0881C31B2F4D550051F7F9 /* Base */,
			);
			name = LaunchScreen.xib;
			sourceTree = "<group>";
		};
/* End PBXVariantGroup section */

/* Begin XCBuildConfiguration section */
		9099EEE11B41D2BB001EB895 /* Debug */ = {
			isa = XCBuildConfiguration;
			buildSettings = {
				ASSETCATALOG_COMPILER_APPICON_NAME = AppIcon;
				CODE_SIGN_IDENTITY = "iPhone Developer: Dilip Ojha (AFM87NBVDV)";
				GCC_PREPROCESSOR_DEFINITIONS = (
					"DEBUG=1",
					"$(inherited)",
				);
				IBSC_MODULE = UTBus_WatchKit_Extension;
				INFOPLIST_FILE = "UTBus WatchKit App/Info.plist";
				IPHONEOS_DEPLOYMENT_TARGET = 8.2;
				PRODUCT_NAME = "$(TARGET_NAME)";
				SKIP_INSTALL = YES;
				TARGETED_DEVICE_FAMILY = 4;
				"TARGETED_DEVICE_FAMILY[sdk=iphonesimulator*]" = "1,4";
			};
			name = Debug;
		};
		9099EEE21B41D2BB001EB895 /* Release */ = {
			isa = XCBuildConfiguration;
			buildSettings = {
				ASSETCATALOG_COMPILER_APPICON_NAME = AppIcon;
				CODE_SIGN_IDENTITY = "iPhone Developer: Dilip Ojha (AFM87NBVDV)";
				IBSC_MODULE = UTBus_WatchKit_Extension;
				INFOPLIST_FILE = "UTBus WatchKit App/Info.plist";
				IPHONEOS_DEPLOYMENT_TARGET = 8.2;
				PRODUCT_NAME = "$(TARGET_NAME)";
				SKIP_INSTALL = YES;
				TARGETED_DEVICE_FAMILY = 4;
				"TARGETED_DEVICE_FAMILY[sdk=iphonesimulator*]" = "1,4";
			};
			name = Release;
		};
		9099EEE41B41D2BB001EB895 /* Debug */ = {
			isa = XCBuildConfiguration;
			buildSettings = {
				CODE_SIGN_IDENTITY = "iPhone Developer: Dilip Ojha (AFM87NBVDV)";
				"CODE_SIGN_IDENTITY[sdk=iphoneos*]" = "iPhone Developer: Dilip Ojha (AFM87NBVDV)";
				GCC_PREPROCESSOR_DEFINITIONS = (
					"DEBUG=1",
					"$(inherited)",
				);
				INFOPLIST_FILE = "UTBus WatchKit Extension/Info.plist";
				LD_RUNPATH_SEARCH_PATHS = "$(inherited) @executable_path/Frameworks @executable_path/../../Frameworks";
				PRODUCT_NAME = "${TARGET_NAME}";
				PROVISIONING_PROFILE = "";
				SKIP_INSTALL = YES;
			};
			name = Debug;
		};
		9099EEE51B41D2BB001EB895 /* Release */ = {
			isa = XCBuildConfiguration;
			buildSettings = {
				CODE_SIGN_IDENTITY = "iPhone Developer: Dilip Ojha (AFM87NBVDV)";
				"CODE_SIGN_IDENTITY[sdk=iphoneos*]" = "iPhone Developer: Dilip Ojha (AFM87NBVDV)";
				INFOPLIST_FILE = "UTBus WatchKit Extension/Info.plist";
				LD_RUNPATH_SEARCH_PATHS = "$(inherited) @executable_path/Frameworks @executable_path/../../Frameworks";
				PRODUCT_NAME = "${TARGET_NAME}";
				PROVISIONING_PROFILE = "";
				SKIP_INSTALL = YES;
			};
			name = Release;
		};
		BC0881D11B2F4D560051F7F9 /* Debug */ = {
			isa = XCBuildConfiguration;
			buildSettings = {
				ALWAYS_SEARCH_USER_PATHS = NO;
				CLANG_CXX_LANGUAGE_STANDARD = "gnu++0x";
				CLANG_CXX_LIBRARY = "libc++";
				CLANG_ENABLE_MODULES = YES;
				CLANG_ENABLE_OBJC_ARC = YES;
				CLANG_WARN_BOOL_CONVERSION = YES;
				CLANG_WARN_CONSTANT_CONVERSION = YES;
				CLANG_WARN_DIRECT_OBJC_ISA_USAGE = YES_ERROR;
				CLANG_WARN_EMPTY_BODY = YES;
				CLANG_WARN_ENUM_CONVERSION = YES;
				CLANG_WARN_INT_CONVERSION = YES;
				CLANG_WARN_OBJC_ROOT_CLASS = YES_ERROR;
				CLANG_WARN_UNREACHABLE_CODE = YES;
				CLANG_WARN__DUPLICATE_METHOD_MATCH = YES;
				"CODE_SIGN_IDENTITY[sdk=iphoneos*]" = "iPhone Developer";
				COPY_PHASE_STRIP = NO;
				DEBUG_INFORMATION_FORMAT = "dwarf-with-dsym";
				ENABLE_STRICT_OBJC_MSGSEND = YES;
				GCC_C_LANGUAGE_STANDARD = gnu99;
				GCC_DYNAMIC_NO_PIC = NO;
				GCC_NO_COMMON_BLOCKS = YES;
				GCC_OPTIMIZATION_LEVEL = 0;
				GCC_PREPROCESSOR_DEFINITIONS = (
					"DEBUG=1",
					"$(inherited)",
				);
				GCC_SYMBOLS_PRIVATE_EXTERN = NO;
				GCC_WARN_64_TO_32_BIT_CONVERSION = YES;
				GCC_WARN_ABOUT_RETURN_TYPE = YES_ERROR;
				GCC_WARN_UNDECLARED_SELECTOR = YES;
				GCC_WARN_UNINITIALIZED_AUTOS = YES_AGGRESSIVE;
				GCC_WARN_UNUSED_FUNCTION = YES;
				GCC_WARN_UNUSED_VARIABLE = YES;
				IPHONEOS_DEPLOYMENT_TARGET = 8.3;
				MTL_ENABLE_DEBUG_INFO = YES;
				ONLY_ACTIVE_ARCH = YES;
				SDKROOT = iphoneos;
				SWIFT_OPTIMIZATION_LEVEL = "-Onone";
			};
			name = Debug;
		};
		BC0881D21B2F4D560051F7F9 /* Release */ = {
			isa = XCBuildConfiguration;
			buildSettings = {
				ALWAYS_SEARCH_USER_PATHS = NO;
				CLANG_CXX_LANGUAGE_STANDARD = "gnu++0x";
				CLANG_CXX_LIBRARY = "libc++";
				CLANG_ENABLE_MODULES = YES;
				CLANG_ENABLE_OBJC_ARC = YES;
				CLANG_WARN_BOOL_CONVERSION = YES;
				CLANG_WARN_CONSTANT_CONVERSION = YES;
				CLANG_WARN_DIRECT_OBJC_ISA_USAGE = YES_ERROR;
				CLANG_WARN_EMPTY_BODY = YES;
				CLANG_WARN_ENUM_CONVERSION = YES;
				CLANG_WARN_INT_CONVERSION = YES;
				CLANG_WARN_OBJC_ROOT_CLASS = YES_ERROR;
				CLANG_WARN_UNREACHABLE_CODE = YES;
				CLANG_WARN__DUPLICATE_METHOD_MATCH = YES;
				"CODE_SIGN_IDENTITY[sdk=iphoneos*]" = "iPhone Developer";
				COPY_PHASE_STRIP = NO;
				DEBUG_INFORMATION_FORMAT = "dwarf-with-dsym";
				ENABLE_NS_ASSERTIONS = NO;
				ENABLE_STRICT_OBJC_MSGSEND = YES;
				GCC_C_LANGUAGE_STANDARD = gnu99;
				GCC_NO_COMMON_BLOCKS = YES;
				GCC_WARN_64_TO_32_BIT_CONVERSION = YES;
				GCC_WARN_ABOUT_RETURN_TYPE = YES_ERROR;
				GCC_WARN_UNDECLARED_SELECTOR = YES;
				GCC_WARN_UNINITIALIZED_AUTOS = YES_AGGRESSIVE;
				GCC_WARN_UNUSED_FUNCTION = YES;
				GCC_WARN_UNUSED_VARIABLE = YES;
				IPHONEOS_DEPLOYMENT_TARGET = 8.3;
				MTL_ENABLE_DEBUG_INFO = NO;
				SDKROOT = iphoneos;
				VALIDATE_PRODUCT = YES;
			};
			name = Release;
		};
		BC0881D41B2F4D560051F7F9 /* Debug */ = {
			isa = XCBuildConfiguration;
			buildSettings = {
				ASSETCATALOG_COMPILER_APPICON_NAME = AppIcon;
				CODE_SIGN_IDENTITY = "iPhone Developer: Dilip Ojha (AFM87NBVDV)";
				"CODE_SIGN_IDENTITY[sdk=iphoneos*]" = "iPhone Developer: Dilip Ojha (AFM87NBVDV)";
				INFOPLIST_FILE = UTBus/Info.plist;
				LD_RUNPATH_SEARCH_PATHS = "$(inherited) @executable_path/Frameworks";
				PRODUCT_NAME = "$(TARGET_NAME)";
				PROVISIONING_PROFILE = "01b09a60-a875-4fbe-94cf-cd79b85177e7";
			};
			name = Debug;
		};
		BC0881D51B2F4D560051F7F9 /* Release */ = {
			isa = XCBuildConfiguration;
			buildSettings = {
				ASSETCATALOG_COMPILER_APPICON_NAME = AppIcon;
				CODE_SIGN_IDENTITY = "iPhone Developer: Dilip Ojha (AFM87NBVDV)";
				"CODE_SIGN_IDENTITY[sdk=iphoneos*]" = "iPhone Developer: Dilip Ojha (AFM87NBVDV)";
				INFOPLIST_FILE = UTBus/Info.plist;
				LD_RUNPATH_SEARCH_PATHS = "$(inherited) @executable_path/Frameworks";
				PRODUCT_NAME = "$(TARGET_NAME)";
				PROVISIONING_PROFILE = "01b09a60-a875-4fbe-94cf-cd79b85177e7";
			};
			name = Release;
		};
		BC0881D71B2F4D560051F7F9 /* Debug */ = {
			isa = XCBuildConfiguration;
			buildSettings = {
				BUNDLE_LOADER = "$(TEST_HOST)";
				FRAMEWORK_SEARCH_PATHS = (
					"$(SDKROOT)/Developer/Library/Frameworks",
					"$(inherited)",
				);
				GCC_PREPROCESSOR_DEFINITIONS = (
					"DEBUG=1",
					"$(inherited)",
				);
				INFOPLIST_FILE = UTBusTests/Info.plist;
				LD_RUNPATH_SEARCH_PATHS = "$(inherited) @executable_path/Frameworks @loader_path/Frameworks";
				PRODUCT_NAME = "$(TARGET_NAME)";
				TEST_HOST = "$(BUILT_PRODUCTS_DIR)/UTBus.app/UTBus";
			};
			name = Debug;
		};
		BC0881D81B2F4D560051F7F9 /* Release */ = {
			isa = XCBuildConfiguration;
			buildSettings = {
				BUNDLE_LOADER = "$(TEST_HOST)";
				FRAMEWORK_SEARCH_PATHS = (
					"$(SDKROOT)/Developer/Library/Frameworks",
					"$(inherited)",
				);
				INFOPLIST_FILE = UTBusTests/Info.plist;
				LD_RUNPATH_SEARCH_PATHS = "$(inherited) @executable_path/Frameworks @loader_path/Frameworks";
				PRODUCT_NAME = "$(TARGET_NAME)";
				TEST_HOST = "$(BUILT_PRODUCTS_DIR)/UTBus.app/UTBus";
			};
			name = Release;
		};
/* End XCBuildConfiguration section */

/* Begin XCConfigurationList section */
		9099EEE01B41D2BB001EB895 /* Build configuration list for PBXNativeTarget "UTBus WatchKit App" */ = {
			isa = XCConfigurationList;
			buildConfigurations = (
				9099EEE11B41D2BB001EB895 /* Debug */,
				9099EEE21B41D2BB001EB895 /* Release */,
			);
			defaultConfigurationIsVisible = 0;
			defaultConfigurationName = Release;
		};
		9099EEE31B41D2BB001EB895 /* Build configuration list for PBXNativeTarget "UTBus WatchKit Extension" */ = {
			isa = XCConfigurationList;
			buildConfigurations = (
				9099EEE41B41D2BB001EB895 /* Debug */,
				9099EEE51B41D2BB001EB895 /* Release */,
			);
			defaultConfigurationIsVisible = 0;
			defaultConfigurationName = Release;
		};
		BC0881AF1B2F4D550051F7F9 /* Build configuration list for PBXProject "UTBus" */ = {
			isa = XCConfigurationList;
			buildConfigurations = (
				BC0881D11B2F4D560051F7F9 /* Debug */,
				BC0881D21B2F4D560051F7F9 /* Release */,
			);
			defaultConfigurationIsVisible = 0;
			defaultConfigurationName = Release;
		};
		BC0881D31B2F4D560051F7F9 /* Build configuration list for PBXNativeTarget "UTBus" */ = {
			isa = XCConfigurationList;
			buildConfigurations = (
				BC0881D41B2F4D560051F7F9 /* Debug */,
				BC0881D51B2F4D560051F7F9 /* Release */,
			);
			defaultConfigurationIsVisible = 0;
			defaultConfigurationName = Release;
		};
		BC0881D61B2F4D560051F7F9 /* Build configuration list for PBXNativeTarget "UTBusTests" */ = {
			isa = XCConfigurationList;
			buildConfigurations = (
				BC0881D71B2F4D560051F7F9 /* Debug */,
				BC0881D81B2F4D560051F7F9 /* Release */,
			);
			defaultConfigurationIsVisible = 0;
			defaultConfigurationName = Release;
		};
/* End XCConfigurationList section */
	};
	rootObject = BC0881AC1B2F4D550051F7F9 /* Project object */;
}
